# THIS IS AN AUTOGENERATED FILE. DO NOT EDIT THIS FILE DIRECTLY.
# yarn lockfile v1


"three.js@^0.77.1":
  "integrity" "sha1-B4WKh0nktiejEIMlKi2Yd3bMoyo="
  "resolved" "https://registry.npmjs.org/three.js/-/three.js-0.77.1.tgz"
  "version" "0.77.1"
  dependencies:
    "three" "0.77.0"

"three@0.77.0":
  "integrity" "sha1-iwsbAAR2ic6qAg1IClYspg2H/zc="
  "resolved" "https://registry.npmjs.org/three/-/three-0.77.0.tgz"
  "version" "0.77.0"
